
Microsoft Visual Studio Solution File, Format Version 12.00
# Visual Studio Version 17
VisualStudioVersion = 17.1.32228.430
MinimumVisualStudioVersion = 10.0.40219.1
Project("{FAE04EC0-301F-11D3-BF4B-00C04F79EFBC}") = "quiz04_dotnet", "quiz04_dotnet.csproj", "{B8E306F6-FE23-449D-B87A-DA0D6A694FA6}"
EndProject
Global
	GlobalSection(SolutionConfigurationPlatforms) = preSolution
		Debug|Any CPU = Debug|Any CPU
		Release|Any CPU = Release|Any CPU
	EndGlobalSection
	GlobalSection(ProjectConfigurationPlatforms) = postSolution
		{B8E306F6-FE23-449D-B87A-DA0D6A694FA6}.Debug|Any CPU.ActiveCfg = Debug|Any CPU
		{B8E306F6-FE23-449D-B87A-DA0D6A694FA6}.Debug|Any CPU.Build.0 = Debug|Any CPU
		{B8E306F6-FE23-449D-B87A-DA0D6A694FA6}.Release|Any CPU.ActiveCfg = Release|Any CPU
		{B8E306F6-FE23-449D-B87A-DA0D6A694FA6}.Release|Any CPU.Build.0 = Release|Any CPU
	EndGlobalSection
	GlobalSection(SolutionProperties) = preSolution
		HideSolutionNode = FALSE
	EndGlobalSection
	GlobalSection(ExtensibilityGlobals) = postSolution
		SolutionGuid = {B7582FAB-06B7-401C-9412-1831DE70E4F8}
	EndGlobalSection
EndGlobal
